
Microsoft Visual Studio Solution File, Format Version 12.00
# Visual Studio Version 17
VisualStudioVersion = 17.0.31903.59
MinimumVisualStudioVersion = 10.0.40219.1
Project("{FAE04EC0-301F-11D3-BF4B-00C04F79EFBC}") = "API", "API\API.csproj", "{6E8F7EEE-C33C-4FF7-905B-7F1D024D349C}"
EndProject
Project("{FAE04EC0-301F-11D3-BF4B-00C04F79EFBC}") = "Application", "Application\Application.csproj", "{2E8415E3-E838-41D5-BAB2-67AF9B6CDF61}"
EndProject
Project("{FAE04EC0-301F-11D3-BF4B-00C04F79EFBC}") = "Domain", "Domain\Domain.csproj", "{35361743-9BD8-45C0-BE64-BE18A825416D}"
EndProject
Project("{FAE04EC0-301F-11D3-BF4B-00C04F79EFBC}") = "Persistence", "Persistence\Persistence.csproj", "{64ACC839-FABF-4B81-963C-C872B0047F46}"
EndProject
Global
	GlobalSection(SolutionConfigurationPlatforms) = preSolution
		Debug|Any CPU = Debug|Any CPU
		Release|Any CPU = Release|Any CPU
	EndGlobalSection
	GlobalSection(SolutionProperties) = preSolution
		HideSolutionNode = FALSE
	EndGlobalSection
	GlobalSection(ProjectConfigurationPlatforms) = postSolution
		{6E8F7EEE-C33C-4FF7-905B-7F1D024D349C}.Debug|Any CPU.ActiveCfg = Debug|Any CPU
		{6E8F7EEE-C33C-4FF7-905B-7F1D024D349C}.Debug|Any CPU.Build.0 = Debug|Any CPU
		{6E8F7EEE-C33C-4FF7-905B-7F1D024D349C}.Release|Any CPU.ActiveCfg = Release|Any CPU
		{6E8F7EEE-C33C-4FF7-905B-7F1D024D349C}.Release|Any CPU.Build.0 = Release|Any CPU
		{2E8415E3-E838-41D5-BAB2-67AF9B6CDF61}.Debug|Any CPU.ActiveCfg = Debug|Any CPU
		{2E8415E3-E838-41D5-BAB2-67AF9B6CDF61}.Debug|Any CPU.Build.0 = Debug|Any CPU
		{2E8415E3-E838-41D5-BAB2-67AF9B6CDF61}.Release|Any CPU.ActiveCfg = Release|Any CPU
		{2E8415E3-E838-41D5-BAB2-67AF9B6CDF61}.Release|Any CPU.Build.0 = Release|Any CPU
		{35361743-9BD8-45C0-BE64-BE18A825416D}.Debug|Any CPU.ActiveCfg = Debug|Any CPU
		{35361743-9BD8-45C0-BE64-BE18A825416D}.Debug|Any CPU.Build.0 = Debug|Any CPU
		{35361743-9BD8-45C0-BE64-BE18A825416D}.Release|Any CPU.ActiveCfg = Release|Any CPU
		{35361743-9BD8-45C0-BE64-BE18A825416D}.Release|Any CPU.Build.0 = Release|Any CPU
		{64ACC839-FABF-4B81-963C-C872B0047F46}.Debug|Any CPU.ActiveCfg = Debug|Any CPU
		{64ACC839-FABF-4B81-963C-C872B0047F46}.Debug|Any CPU.Build.0 = Debug|Any CPU
		{64ACC839-FABF-4B81-963C-C872B0047F46}.Release|Any CPU.ActiveCfg = Release|Any CPU
		{64ACC839-FABF-4B81-963C-C872B0047F46}.Release|Any CPU.Build.0 = Release|Any CPU
	EndGlobalSection
EndGlobal
